
Microsoft Visual Studio Solution File, Format Version 12.00
# Visual Studio Version 17
VisualStudioVersion = 17.11.35222.181
MinimumVisualStudioVersion = 10.0.40219.1
Project("{FAE04EC0-301F-11D3-BF4B-00C04F79EFBC}") = "Lab_2_V02", "Lab_2_V02\Lab_2_V02.csproj", "{19561278-94C4-4C9E-A4F6-1AEDBDB44433}"
EndProject
Global
	GlobalSection(SolutionConfigurationPlatforms) = preSolution
		Debug|Any CPU = Debug|Any CPU
		Release|Any CPU = Release|Any CPU
	EndGlobalSection
	GlobalSection(ProjectConfigurationPlatforms) = postSolution
		{19561278-94C4-4C9E-A4F6-1AEDBDB44433}.Debug|Any CPU.ActiveCfg = Debug|Any CPU
		{19561278-94C4-4C9E-A4F6-1AEDBDB44433}.Debug|Any CPU.Build.0 = Debug|Any CPU
		{19561278-94C4-4C9E-A4F6-1AEDBDB44433}.Release|Any CPU.ActiveCfg = Release|Any CPU
		{19561278-94C4-4C9E-A4F6-1AEDBDB44433}.Release|Any CPU.Build.0 = Release|Any CPU
	EndGlobalSection
	GlobalSection(SolutionProperties) = preSolution
		HideSolutionNode = FALSE
	EndGlobalSection
	GlobalSection(ExtensibilityGlobals) = postSolution
		SolutionGuid = {A0379D3A-9A90-449D-B261-74822A416399}
	EndGlobalSection
EndGlobal
